
Microsoft Visual Studio Solution File, Format Version 12.00
# Visual Studio Version 17
VisualStudioVersion = 17.11.35312.102
MinimumVisualStudioVersion = 10.0.40219.1
Project("{FAE04EC0-301F-11D3-BF4B-00C04F79EFBC}") = "EjericioTelegrama", "EjericioTelegrama\EjericioTelegrama.csproj", "{6484C83E-502A-4E2B-B759-B5A4BD6A0B09}"
EndProject
Global
	GlobalSection(SolutionConfigurationPlatforms) = preSolution
		Debug|Any CPU = Debug|Any CPU
		Release|Any CPU = Release|Any CPU
	EndGlobalSection
	GlobalSection(ProjectConfigurationPlatforms) = postSolution
		{6484C83E-502A-4E2B-B759-B5A4BD6A0B09}.Debug|Any CPU.ActiveCfg = Debug|Any CPU
		{6484C83E-502A-4E2B-B759-B5A4BD6A0B09}.Debug|Any CPU.Build.0 = Debug|Any CPU
		{6484C83E-502A-4E2B-B759-B5A4BD6A0B09}.Release|Any CPU.ActiveCfg = Release|Any CPU
		{6484C83E-502A-4E2B-B759-B5A4BD6A0B09}.Release|Any CPU.Build.0 = Release|Any CPU
	EndGlobalSection
	GlobalSection(SolutionProperties) = preSolution
		HideSolutionNode = FALSE
	EndGlobalSection
	GlobalSection(ExtensibilityGlobals) = postSolution
		SolutionGuid = {A76E8580-13E1-4298-BE0B-9F57412D4292}
	EndGlobalSection
EndGlobal
